
Microsoft Visual Studio Solution File, Format Version 12.00
# Visual Studio 15
VisualStudioVersion = 15.0.28010.2003
MinimumVisualStudioVersion = 10.0.40219.1
Project("{9A19103F-16F7-4668-BE54-9A1E7A4F7556}") = "PhoneticMatching", "PhoneticMatching\PhoneticMatching.csproj", "{A58AF0D7-50C0-4E70-9B25-9FC4342DC5EB}"
EndProject
Project("{9A19103F-16F7-4668-BE54-9A1E7A4F7556}") = "PhoneticMatchingTests", "PhoneticMatchingTests\PhoneticMatchingTests.csproj", "{D2CEB181-D5F1-4595-873D-EAAD557AD08F}"
EndProject
Global
	GlobalSection(SolutionConfigurationPlatforms) = preSolution
		Debug|Any CPU = Debug|Any CPU
		Debug|x64 = Debug|x64
		Release|Any CPU = Release|Any CPU
		Release|x64 = Release|x64
	EndGlobalSection
	GlobalSection(ProjectConfigurationPlatforms) = postSolution
		{A58AF0D7-50C0-4E70-9B25-9FC4342DC5EB}.Debug|Any CPU.ActiveCfg = Debug|x64
		{A58AF0D7-50C0-4E70-9B25-9FC4342DC5EB}.Debug|x64.ActiveCfg = Debug|x64
		{A58AF0D7-50C0-4E70-9B25-9FC4342DC5EB}.Debug|x64.Build.0 = Debug|x64
		{A58AF0D7-50C0-4E70-9B25-9FC4342DC5EB}.Release|Any CPU.ActiveCfg = Release|x64
		{A58AF0D7-50C0-4E70-9B25-9FC4342DC5EB}.Release|x64.ActiveCfg = Release|x64
		{A58AF0D7-50C0-4E70-9B25-9FC4342DC5EB}.Release|x64.Build.0 = Release|x64
		{D2CEB181-D5F1-4595-873D-EAAD557AD08F}.Debug|Any CPU.ActiveCfg = Debug|Any CPU
		{D2CEB181-D5F1-4595-873D-EAAD557AD08F}.Debug|Any CPU.Build.0 = Debug|Any CPU
		{D2CEB181-D5F1-4595-873D-EAAD557AD08F}.Debug|x64.ActiveCfg = Debug|x64
		{D2CEB181-D5F1-4595-873D-EAAD557AD08F}.Debug|x64.Build.0 = Debug|x64
		{D2CEB181-D5F1-4595-873D-EAAD557AD08F}.Release|Any CPU.ActiveCfg = Release|Any CPU
		{D2CEB181-D5F1-4595-873D-EAAD557AD08F}.Release|Any CPU.Build.0 = Release|Any CPU
		{D2CEB181-D5F1-4595-873D-EAAD557AD08F}.Release|x64.ActiveCfg = Release|x64
		{D2CEB181-D5F1-4595-873D-EAAD557AD08F}.Release|x64.Build.0 = Release|x64
	EndGlobalSection
	GlobalSection(SolutionProperties) = preSolution
		HideSolutionNode = FALSE
	EndGlobalSection
	GlobalSection(ExtensibilityGlobals) = postSolution
		SolutionGuid = {0D6EBE7F-D0D5-4B91-B0B5-EFF497F76B6A}
	EndGlobalSection
EndGlobal
